
Microsoft Visual Studio Solution File, Format Version 12.00
# Visual Studio Version 17
VisualStudioVersion = 17.8.34330.188
MinimumVisualStudioVersion = 10.0.40219.1
Project("{9A19103F-16F7-4668-BE54-9A1E7A4F7556}") = "DDSU666", "DDSU666\DDSU666\DDSU666.csproj", "{CE7D0F41-641B-47DC-ABBD-64E261FF1F92}"
EndProject
Project("{9A19103F-16F7-4668-BE54-9A1E7A4F7556}") = "NModbus4Core", "DDSU666\NModbus4Core\NModbus4Core.csproj", "{1D0E45F0-064C-413F-BE58-D7938E7F8C53}"
EndProject
Project("{9A19103F-16F7-4668-BE54-9A1E7A4F7556}") = "Sun2000TCP", "Sun2000TCP\Sun2000TCP.csproj", "{4A50BE2F-56EB-4738-8BEC-6BC363494393}"
EndProject
Project("{9A19103F-16F7-4668-BE54-9A1E7A4F7556}") = "SimpleWifiCore", "SimpleWifiCore\SimpleWifiCore.csproj", "{C93C0541-028C-4C2C-965C-99366373F06F}"
EndProject
Project("{9A19103F-16F7-4668-BE54-9A1E7A4F7556}") = "Sun2000RS485", "Sun2000RS485\Sun2000RS485.csproj", "{C62EB69F-0038-4798-A30D-E16CB84690FC}"
EndProject
Project("{9A19103F-16F7-4668-BE54-9A1E7A4F7556}") = "DDSUForm", "DDSUForm\DDSUForm.csproj", "{2A73190D-B466-4151-89F2-10ED12B210C2}"
EndProject
Project("{9A19103F-16F7-4668-BE54-9A1E7A4F7556}") = "ModBusUtil", "ModBusUtil\ModBusUtil.csproj", "{91D28A5F-B3AF-43A3-B04E-2EA15B9DCDE2}"
EndProject
Project("{9A19103F-16F7-4668-BE54-9A1E7A4F7556}") = "UDP_Test", "UDP_Test\UDP_Test.csproj", "{79529396-F819-4845-B4A0-826B43473649}"
EndProject
Project("{9A19103F-16F7-4668-BE54-9A1E7A4F7556}") = "SerialSend", "SerialSend\SerialSend.csproj", "{F8EF7FF9-828B-4B22-A476-3873B14BB856}"
EndProject
Project("{9A19103F-16F7-4668-BE54-9A1E7A4F7556}") = "DDSUFormTCP", "DDSUFormTCP\DDSUFormTCP.csproj", "{FF1CD15D-2A23-4D53-8305-D95FC8DC1BF4}"
EndProject
Project("{9A19103F-16F7-4668-BE54-9A1E7A4F7556}") = "DDSUWebsite", "DDSUWebsite\DDSUWebsite.csproj", "{30C34FD6-0C0A-4A3A-987D-43490CAE65FF}"
EndProject
Project("{9A19103F-16F7-4668-BE54-9A1E7A4F7556}") = "DDSU_API", "DDSU_API\DDSU_API.csproj", "{E13F785B-CE75-4D7B-ABCE-5148DB07E392}"
EndProject
Global
	GlobalSection(SolutionConfigurationPlatforms) = preSolution
		Debug|Any CPU = Debug|Any CPU
		Release|Any CPU = Release|Any CPU
		SignedRelease|Any CPU = SignedRelease|Any CPU
	EndGlobalSection
	GlobalSection(ProjectConfigurationPlatforms) = postSolution
		{CE7D0F41-641B-47DC-ABBD-64E261FF1F92}.Debug|Any CPU.ActiveCfg = Debug|Any CPU
		{CE7D0F41-641B-47DC-ABBD-64E261FF1F92}.Debug|Any CPU.Build.0 = Debug|Any CPU
		{CE7D0F41-641B-47DC-ABBD-64E261FF1F92}.Release|Any CPU.ActiveCfg = Release|Any CPU
		{CE7D0F41-641B-47DC-ABBD-64E261FF1F92}.Release|Any CPU.Build.0 = Release|Any CPU
		{CE7D0F41-641B-47DC-ABBD-64E261FF1F92}.SignedRelease|Any CPU.ActiveCfg = Release|Any CPU
		{CE7D0F41-641B-47DC-ABBD-64E261FF1F92}.SignedRelease|Any CPU.Build.0 = Release|Any CPU
		{1D0E45F0-064C-413F-BE58-D7938E7F8C53}.Debug|Any CPU.ActiveCfg = Debug|Any CPU
		{1D0E45F0-064C-413F-BE58-D7938E7F8C53}.Debug|Any CPU.Build.0 = Debug|Any CPU
		{1D0E45F0-064C-413F-BE58-D7938E7F8C53}.Release|Any CPU.ActiveCfg = Release|Any CPU
		{1D0E45F0-064C-413F-BE58-D7938E7F8C53}.Release|Any CPU.Build.0 = Release|Any CPU
		{1D0E45F0-064C-413F-BE58-D7938E7F8C53}.SignedRelease|Any CPU.ActiveCfg = Release|Any CPU
		{1D0E45F0-064C-413F-BE58-D7938E7F8C53}.SignedRelease|Any CPU.Build.0 = Release|Any CPU
		{4A50BE2F-56EB-4738-8BEC-6BC363494393}.Debug|Any CPU.ActiveCfg = Debug|Any CPU
		{4A50BE2F-56EB-4738-8BEC-6BC363494393}.Debug|Any CPU.Build.0 = Debug|Any CPU
		{4A50BE2F-56EB-4738-8BEC-6BC363494393}.Release|Any CPU.ActiveCfg = Release|Any CPU
		{4A50BE2F-56EB-4738-8BEC-6BC363494393}.Release|Any CPU.Build.0 = Release|Any CPU
		{4A50BE2F-56EB-4738-8BEC-6BC363494393}.SignedRelease|Any CPU.ActiveCfg = Release|Any CPU
		{4A50BE2F-56EB-4738-8BEC-6BC363494393}.SignedRelease|Any CPU.Build.0 = Release|Any CPU
		{C93C0541-028C-4C2C-965C-99366373F06F}.Debug|Any CPU.ActiveCfg = Debug|Any CPU
		{C93C0541-028C-4C2C-965C-99366373F06F}.Debug|Any CPU.Build.0 = Debug|Any CPU
		{C93C0541-028C-4C2C-965C-99366373F06F}.Release|Any CPU.ActiveCfg = Release|Any CPU
		{C93C0541-028C-4C2C-965C-99366373F06F}.Release|Any CPU.Build.0 = Release|Any CPU
		{C93C0541-028C-4C2C-965C-99366373F06F}.SignedRelease|Any CPU.ActiveCfg = Release|Any CPU
		{C93C0541-028C-4C2C-965C-99366373F06F}.SignedRelease|Any CPU.Build.0 = Release|Any CPU
		{C62EB69F-0038-4798-A30D-E16CB84690FC}.Debug|Any CPU.ActiveCfg = Debug|Any CPU
		{C62EB69F-0038-4798-A30D-E16CB84690FC}.Debug|Any CPU.Build.0 = Debug|Any CPU
		{C62EB69F-0038-4798-A30D-E16CB84690FC}.Release|Any CPU.ActiveCfg = Release|Any CPU
		{C62EB69F-0038-4798-A30D-E16CB84690FC}.Release|Any CPU.Build.0 = Release|Any CPU
		{C62EB69F-0038-4798-A30D-E16CB84690FC}.SignedRelease|Any CPU.ActiveCfg = Release|Any CPU
		{C62EB69F-0038-4798-A30D-E16CB84690FC}.SignedRelease|Any CPU.Build.0 = Release|Any CPU
		{2A73190D-B466-4151-89F2-10ED12B210C2}.Debug|Any CPU.ActiveCfg = Debug|Any CPU
		{2A73190D-B466-4151-89F2-10ED12B210C2}.Debug|Any CPU.Build.0 = Debug|Any CPU
		{2A73190D-B466-4151-89F2-10ED12B210C2}.Release|Any CPU.ActiveCfg = Release|Any CPU
		{2A73190D-B466-4151-89F2-10ED12B210C2}.Release|Any CPU.Build.0 = Release|Any CPU
		{2A73190D-B466-4151-89F2-10ED12B210C2}.SignedRelease|Any CPU.ActiveCfg = Release|Any CPU
		{2A73190D-B466-4151-89F2-10ED12B210C2}.SignedRelease|Any CPU.Build.0 = Release|Any CPU
		{91D28A5F-B3AF-43A3-B04E-2EA15B9DCDE2}.Debug|Any CPU.ActiveCfg = Debug|Any CPU
		{91D28A5F-B3AF-43A3-B04E-2EA15B9DCDE2}.Debug|Any CPU.Build.0 = Debug|Any CPU
		{91D28A5F-B3AF-43A3-B04E-2EA15B9DCDE2}.Release|Any CPU.ActiveCfg = Release|Any CPU
		{91D28A5F-B3AF-43A3-B04E-2EA15B9DCDE2}.Release|Any CPU.Build.0 = Release|Any CPU
		{91D28A5F-B3AF-43A3-B04E-2EA15B9DCDE2}.SignedRelease|Any CPU.ActiveCfg = Release|Any CPU
		{91D28A5F-B3AF-43A3-B04E-2EA15B9DCDE2}.SignedRelease|Any CPU.Build.0 = Release|Any CPU
		{79529396-F819-4845-B4A0-826B43473649}.Debug|Any CPU.ActiveCfg = Debug|Any CPU
		{79529396-F819-4845-B4A0-826B43473649}.Debug|Any CPU.Build.0 = Debug|Any CPU
		{79529396-F819-4845-B4A0-826B43473649}.Release|Any CPU.ActiveCfg = Release|Any CPU
		{79529396-F819-4845-B4A0-826B43473649}.Release|Any CPU.Build.0 = Release|Any CPU
		{79529396-F819-4845-B4A0-826B43473649}.SignedRelease|Any CPU.ActiveCfg = Release|Any CPU
		{79529396-F819-4845-B4A0-826B43473649}.SignedRelease|Any CPU.Build.0 = Release|Any CPU
		{F8EF7FF9-828B-4B22-A476-3873B14BB856}.Debug|Any CPU.ActiveCfg = Debug|Any CPU
		{F8EF7FF9-828B-4B22-A476-3873B14BB856}.Debug|Any CPU.Build.0 = Debug|Any CPU
		{F8EF7FF9-828B-4B22-A476-3873B14BB856}.Release|Any CPU.ActiveCfg = Release|Any CPU
		{F8EF7FF9-828B-4B22-A476-3873B14BB856}.Release|Any CPU.Build.0 = Release|Any CPU
		{F8EF7FF9-828B-4B22-A476-3873B14BB856}.SignedRelease|Any CPU.ActiveCfg = Release|Any CPU
		{F8EF7FF9-828B-4B22-A476-3873B14BB856}.SignedRelease|Any CPU.Build.0 = Release|Any CPU
		{FF1CD15D-2A23-4D53-8305-D95FC8DC1BF4}.Debug|Any CPU.ActiveCfg = Debug|Any CPU
		{FF1CD15D-2A23-4D53-8305-D95FC8DC1BF4}.Debug|Any CPU.Build.0 = Debug|Any CPU
		{FF1CD15D-2A23-4D53-8305-D95FC8DC1BF4}.Release|Any CPU.ActiveCfg = Release|Any CPU
		{FF1CD15D-2A23-4D53-8305-D95FC8DC1BF4}.Release|Any CPU.Build.0 = Release|Any CPU
		{FF1CD15D-2A23-4D53-8305-D95FC8DC1BF4}.SignedRelease|Any CPU.ActiveCfg = Release|Any CPU
		{FF1CD15D-2A23-4D53-8305-D95FC8DC1BF4}.SignedRelease|Any CPU.Build.0 = Release|Any CPU
		{30C34FD6-0C0A-4A3A-987D-43490CAE65FF}.Debug|Any CPU.ActiveCfg = Debug|Any CPU
		{30C34FD6-0C0A-4A3A-987D-43490CAE65FF}.Debug|Any CPU.Build.0 = Debug|Any CPU
		{30C34FD6-0C0A-4A3A-987D-43490CAE65FF}.Release|Any CPU.ActiveCfg = Release|Any CPU
		{30C34FD6-0C0A-4A3A-987D-43490CAE65FF}.Release|Any CPU.Build.0 = Release|Any CPU
		{30C34FD6-0C0A-4A3A-987D-43490CAE65FF}.SignedRelease|Any CPU.ActiveCfg = Release|Any CPU
		{30C34FD6-0C0A-4A3A-987D-43490CAE65FF}.SignedRelease|Any CPU.Build.0 = Release|Any CPU
		{E13F785B-CE75-4D7B-ABCE-5148DB07E392}.Debug|Any CPU.ActiveCfg = Debug|Any CPU
		{E13F785B-CE75-4D7B-ABCE-5148DB07E392}.Debug|Any CPU.Build.0 = Debug|Any CPU
		{E13F785B-CE75-4D7B-ABCE-5148DB07E392}.Release|Any CPU.ActiveCfg = Release|Any CPU
		{E13F785B-CE75-4D7B-ABCE-5148DB07E392}.Release|Any CPU.Build.0 = Release|Any CPU
		{E13F785B-CE75-4D7B-ABCE-5148DB07E392}.SignedRelease|Any CPU.ActiveCfg = Release|Any CPU
		{E13F785B-CE75-4D7B-ABCE-5148DB07E392}.SignedRelease|Any CPU.Build.0 = Release|Any CPU
	EndGlobalSection
	GlobalSection(SolutionProperties) = preSolution
		HideSolutionNode = FALSE
	EndGlobalSection
	GlobalSection(ExtensibilityGlobals) = postSolution
		SolutionGuid = {6A61A504-C02B-4A31-83BF-2927304B8435}
	EndGlobalSection
EndGlobal
